{
  "originHash" : "bfb027837abfa6b394178a5971233f1a5c3a9a580c33efb2be9a26f4702d9a73",
  "pins" : [
    {
      "identity" : "llama.swift",
      "kind" : "remoteSourceControl",
      "location" : "https://github.com/mattt/llama.swift.git",
      "state" : {
        "revision" : "598b140a2b579886639ac1b7d31925321213bcb6",
        "version" : "2.9189.0"
      }
    }
  ],
  "version" : 3
}
